// !$*UTF8*$!
{
	archiveVersion = 1;
	classes = {
	};
	objectVersion = 50;
	objects = {

/* Begin PBXBuildFile section */
		F8D5D44A2619A2ED00513177 /* MusicTableViewCell.swift in Sources */ = {isa = PBXBuildFile; fileRef = F8D5D4492619A2ED00513177 /* MusicTableViewCell.swift */; };
		F8D5D44C2619A56600513177 /* MusicViewModel.swift in Sources */ = {isa = PBXBuildFile; fileRef = F8D5D44B2619A56600513177 /* MusicViewModel.swift */; };
		F8D5D4502619ACBA00513177 /* pause.png in Resources */ = {isa = PBXBuildFile; fileRef = F8D5D44E2619ACBA00513177 /* pause.png */; };
		F8D5D4512619ACBA00513177 /* play.png in Resources */ = {isa = PBXBuildFile; fileRef = F8D5D44F2619ACBA00513177 /* play.png */; };
		F8D5D4592619E89000513177 /* PlayPauseButton.swift in Sources */ = {isa = PBXBuildFile; fileRef = F8D5D4582619E89000513177 /* PlayPauseButton.swift */; };
		F8ED315A2619811C0065C76C /* AppDelegate.swift in Sources */ = {isa = PBXBuildFile; fileRef = F8ED31592619811C0065C76C /* AppDelegate.swift */; };
		F8ED315E2619811C0065C76C /* ListViewController.swift in Sources */ = {isa = PBXBuildFile; fileRef = F8ED315D2619811C0065C76C /* ListViewController.swift */; };
		F8ED31612619811C0065C76C /* Main.storyboard in Resources */ = {isa = PBXBuildFile; fileRef = F8ED315F2619811C0065C76C /* Main.storyboard */; };
		F8ED3163261981280065C76C /* Assets.xcassets in Resources */ = {isa = PBXBuildFile; fileRef = F8ED3162261981280065C76C /* Assets.xcassets */; };
		F8ED3166261981280065C76C /* LaunchScreen.storyboard in Resources */ = {isa = PBXBuildFile; fileRef = F8ED3164261981280065C76C /* LaunchScreen.storyboard */; };
		F8ED3173261985370065C76C /* WebService.swift in Sources */ = {isa = PBXBuildFile; fileRef = F8ED3172261985370065C76C /* WebService.swift */; };
		F8ED3176261985F00065C76C /* MusicData.swift in Sources */ = {isa = PBXBuildFile; fileRef = F8ED3175261985F00065C76C /* MusicData.swift */; };
/* End PBXBuildFile section */

/* Begin PBXFileReference section */
		F8D5D4492619A2ED00513177 /* MusicTableViewCell.swift */ = {isa = PBXFileReference; lastKnownFileType = sourcecode.swift; path = MusicTableViewCell.swift; sourceTree = "<group>"; };
		F8D5D44B2619A56600513177 /* MusicViewModel.swift */ = {isa = PBXFileReference; lastKnownFileType = sourcecode.swift; path = MusicViewModel.swift; sourceTree = "<group>"; };
		F8D5D44E2619ACBA00513177 /* pause.png */ = {isa = PBXFileReference; lastKnownFileType = image.png; path = pause.png; sourceTree = "<group>"; };
		F8D5D44F2619ACBA00513177 /* play.png */ = {isa = PBXFileReference; lastKnownFileType = image.png; path = play.png; sourceTree = "<group>"; };
		F8D5D4582619E89000513177 /* PlayPauseButton.swift */ = {isa = PBXFileReference; lastKnownFileType = sourcecode.swift; path = PlayPauseButton.swift; sourceTree = "<group>"; };
		F8ED31562619811C0065C76C /* MusicSearchApp.app */ = {isa = PBXFileReference; explicitFileType = wrapper.application; includeInIndex = 0; path = MusicSearchApp.app; sourceTree = BUILT_PRODUCTS_DIR; };
		F8ED31592619811C0065C76C /* AppDelegate.swift */ = {isa = PBXFileReference; lastKnownFileType = sourcecode.swift; path = AppDelegate.swift; sourceTree = "<group>"; };
		F8ED315D2619811C0065C76C /* ListViewController.swift */ = {isa = PBXFileReference; lastKnownFileType = sourcecode.swift; path = ListViewController.swift; sourceTree = "<group>"; };
		F8ED31602619811C0065C76C /* Base */ = {isa = PBXFileReference; lastKnownFileType = file.storyboard; name = Base; path = Base.lproj/Main.storyboard; sourceTree = "<group>"; };
		F8ED3162261981280065C76C /* Assets.xcassets */ = {isa = PBXFileReference; lastKnownFileType = folder.assetcatalog; path = Assets.xcassets; sourceTree = "<group>"; };
		F8ED3165261981280065C76C /* Base */ = {isa = PBXFileReference; lastKnownFileType = file.storyboard; name = Base; path = Base.lproj/LaunchScreen.storyboard; sourceTree = "<group>"; };
		F8ED3167261981280065C76C /* Info.plist */ = {isa = PBXFileReference; lastKnownFileType = text.plist.xml; path = Info.plist; sourceTree = "<group>"; };
		F8ED3172261985370065C76C /* WebService.swift */ = {isa = PBXFileReference; lastKnownFileType = sourcecode.swift; path = WebService.swift; sourceTree = "<group>"; };
		F8ED3175261985F00065C76C /* MusicData.swift */ = {isa = PBXFileReference; lastKnownFileType = sourcecode.swift; path = MusicData.swift; sourceTree = "<group>"; };
/* End PBXFileReference section */

/* Begin PBXFrameworksBuildPhase section */
		F8ED31532619811C0065C76C /* Frameworks */ = {
			isa = PBXFrameworksBuildPhase;
			buildActionMask = 2147483647;
			files = (
			);
			runOnlyForDeploymentPostprocessing = 0;
		};
/* End PBXFrameworksBuildPhase section */

/* Begin PBXGroup section */
		F8D5D44D2619AC9600513177 /* Resources */ = {
			isa = PBXGroup;
			children = (
				F8D5D44E2619ACBA00513177 /* pause.png */,
				F8D5D44F2619ACBA00513177 /* play.png */,
			);
			path = Resources;
			sourceTree = "<group>";
		};
		F8ED314D2619811C0065C76C = {
			isa = PBXGroup;
			children = (
				F8ED31582619811C0065C76C /* MusicSearchApp */,
				F8ED31572619811C0065C76C /* Products */,
			);
			sourceTree = "<group>";
		};
		F8ED31572619811C0065C76C /* Products */ = {
			isa = PBXGroup;
			children = (
				F8ED31562619811C0065C76C /* MusicSearchApp.app */,
			);
			name = Products;
			sourceTree = "<group>";
		};
		F8ED31582619811C0065C76C /* MusicSearchApp */ = {
			isa = PBXGroup;
			children = (
				F8D5D44D2619AC9600513177 /* Resources */,
				F8ED3174261985CE0065C76C /* Models */,
				F8ED3171261981F50065C76C /* Service */,
				F8ED3170261981E90065C76C /* ViewModel */,
				F8ED316F261981DE0065C76C /* ViewController */,
				F8ED316D261981C80065C76C /* View */,
				F8ED31592619811C0065C76C /* AppDelegate.swift */,
				F8ED3162261981280065C76C /* Assets.xcassets */,
				F8ED3164261981280065C76C /* LaunchScreen.storyboard */,
				F8ED3167261981280065C76C /* Info.plist */,
			);
			path = MusicSearchApp;
			sourceTree = "<group>";
		};
		F8ED316D261981C80065C76C /* View */ = {
			isa = PBXGroup;
			children = (
				F8ED315F2619811C0065C76C /* Main.storyboard */,
				F8D5D4492619A2ED00513177 /* MusicTableViewCell.swift */,
				F8D5D4582619E89000513177 /* PlayPauseButton.swift */,
			);
			path = View;
			sourceTree = "<group>";
		};
		F8ED316F261981DE0065C76C /* ViewController */ = {
			isa = PBXGroup;
			children = (
				F8ED315D2619811C0065C76C /* ListViewController.swift */,
			);
			path = ViewController;
			sourceTree = "<group>";
		};
		F8ED3170261981E90065C76C /* ViewModel */ = {
			isa = PBXGroup;
			children = (
				F8D5D44B2619A56600513177 /* MusicViewModel.swift */,
			);
			path = ViewModel;
			sourceTree = "<group>";
		};
		F8ED3171261981F50065C76C /* Service */ = {
			isa = PBXGroup;
			children = (
				F8ED3172261985370065C76C /* WebService.swift */,
			);
			path = Service;
			sourceTree = "<group>";
		};
		F8ED3174261985CE0065C76C /* Models */ = {
			isa = PBXGroup;
			children = (
				F8ED3175261985F00065C76C /* MusicData.swift */,
			);
			path = Models;
			sourceTree = "<group>";
		};
/* End PBXGroup section */

/* Begin PBXNativeTarget section */
		F8ED31552619811C0065C76C /* MusicSearchApp */ = {
			isa = PBXNativeTarget;
			buildConfigurationList = F8ED316A261981280065C76C /* Build configuration list for PBXNativeTarget "MusicSearchApp" */;
			buildPhases = (
				F8ED31522619811C0065C76C /* Sources */,
				F8ED31532619811C0065C76C /* Frameworks */,
				F8ED31542619811C0065C76C /* Resources */,
			);
			buildRules = (
			);
			dependencies = (
			);
			name = MusicSearchApp;
			productName = MusicSearchApp;
			productReference = F8ED31562619811C0065C76C /* MusicSearchApp.app */;
			productType = "com.apple.product-type.application";
		};
/* End PBXNativeTarget section */

/* Begin PBXProject section */
		F8ED314E2619811C0065C76C /* Project object */ = {
			isa = PBXProject;
			attributes = {
				LastSwiftUpdateCheck = 1110;
				LastUpgradeCheck = 1110;
				ORGANIZATIONNAME = "Tzu-Yen Huang";
				TargetAttributes = {
					F8ED31552619811C0065C76C = {
						CreatedOnToolsVersion = 11.1;
					};
				};
			};
			buildConfigurationList = F8ED31512619811C0065C76C /* Build configuration list for PBXProject "MusicSearchApp" */;
			compatibilityVersion = "Xcode 9.3";
			developmentRegion = en;
			hasScannedForEncodings = 0;
			knownRegions = (
				en,
				Base,
			);
			mainGroup = F8ED314D2619811C0065C76C;
			productRefGroup = F8ED31572619811C0065C76C /* Products */;
			projectDirPath = "";
			projectRoot = "";
			targets = (
				F8ED31552619811C0065C76C /* MusicSearchApp */,
			);
		};
/* End PBXProject section */

/* Begin PBXResourcesBuildPhase section */
		F8ED31542619811C0065C76C /* Resources */ = {
			isa = PBXResourcesBuildPhase;
			buildActionMask = 2147483647;
			files = (
				F8ED3166261981280065C76C /* LaunchScreen.storyboard in Resources */,
				F8D5D4512619ACBA00513177 /* play.png in Resources */,
				F8ED3163261981280065C76C /* Assets.xcassets in Resources */,
				F8D5D4502619ACBA00513177 /* pause.png in Resources */,
				F8ED31612619811C0065C76C /* Main.storyboard in Resources */,
			);
			runOnlyForDeploymentPostprocessing = 0;
		};
/* End PBXResourcesBuildPhase section */

/* Begin PBXSourcesBuildPhase section */
		F8ED31522619811C0065C76C /* Sources */ = {
			isa = PBXSourcesBuildPhase;
			buildActionMask = 2147483647;
			files = (
				F8D5D4592619E89000513177 /* PlayPauseButton.swift in Sources */,
				F8ED3176261985F00065C76C /* MusicData.swift in Sources */,
				F8D5D44A2619A2ED00513177 /* MusicTableViewCell.swift in Sources */,
				F8D5D44C2619A56600513177 /* MusicViewModel.swift in Sources */,
				F8ED315E2619811C0065C76C /* ListViewController.swift in Sources */,
				F8ED315A2619811C0065C76C /* AppDelegate.swift in Sources */,
				F8ED3173261985370065C76C /* WebService.swift in Sources */,
			);
			runOnlyForDeploymentPostprocessing = 0;
		};
/* End PBXSourcesBuildPhase section */

/* Begin PBXVariantGroup section */
		F8ED315F2619811C0065C76C /* Main.storyboard */ = {
			isa = PBXVariantGroup;
			children = (
				F8ED31602619811C0065C76C /* Base */,
			);
			name = Main.storyboard;
			sourceTree = "<group>";
		};
		F8ED3164261981280065C76C /* LaunchScreen.storyboard */ = {
			isa = PBXVariantGroup;
			children = (
				F8ED3165261981280065C76C /* Base */,
			);
			name = LaunchScreen.storyboard;
			sourceTree = "<group>";
		};
/* End PBXVariantGroup section */

/* Begin XCBuildConfiguration section */
		F8ED3168261981280065C76C /* Debug */ = {
			isa = XCBuildConfiguration;
			buildSettings = {
				ALWAYS_SEARCH_USER_PATHS = NO;
				CLANG_ANALYZER_NONNULL = YES;
				CLANG_ANALYZER_NUMBER_OBJECT_CONVERSION = YES_AGGRESSIVE;
				CLANG_CXX_LANGUAGE_STANDARD = "gnu++14";
				CLANG_CXX_LIBRARY = "libc++";
				CLANG_ENABLE_MODULES = YES;
				CLANG_ENABLE_OBJC_ARC = YES;
				CLANG_ENABLE_OBJC_WEAK = YES;
				CLANG_WARN_BLOCK_CAPTURE_AUTORELEASING = YES;
				CLANG_WARN_BOOL_CONVERSION = YES;
				CLANG_WARN_COMMA = YES;
				CLANG_WARN_CONSTANT_CONVERSION = YES;
				CLANG_WARN_DEPRECATED_OBJC_IMPLEMENTATIONS = YES;
				CLANG_WARN_DIRECT_OBJC_ISA_USAGE = YES_ERROR;
				CLANG_WARN_DOCUMENTATION_COMMENTS = YES;
				CLANG_WARN_EMPTY_BODY = YES;
				CLANG_WARN_ENUM_CONVERSION = YES;
				CLANG_WARN_INFINITE_RECURSION = YES;
				CLANG_WARN_INT_CONVERSION = YES;
				CLANG_WARN_NON_LITERAL_NULL_CONVERSION = YES;
				CLANG_WARN_OBJC_IMPLICIT_RETAIN_SELF = YES;
				CLANG_WARN_OBJC_LITERAL_CONVERSION = YES;
				CLANG_WARN_OBJC_ROOT_CLASS = YES_ERROR;
				CLANG_WARN_RANGE_LOOP_ANALYSIS = YES;
				CLANG_WARN_STRICT_PROTOTYPES = YES;
				CLANG_WARN_SUSPICIOUS_MOVE = YES;
				CLANG_WARN_UNGUARDED_AVAILABILITY = YES_AGGRESSIVE;
				CLANG_WARN_UNREACHABLE_CODE = YES;
				CLANG_WARN__DUPLICATE_METHOD_MATCH = YES;
				COPY_PHASE_STRIP = NO;
				DEBUG_INFORMATION_FORMAT = dwarf;
				ENABLE_STRICT_OBJC_MSGSEND = YES;
				ENABLE_TESTABILITY = YES;
				GCC_C_LANGUAGE_STANDARD = gnu11;
				GCC_DYNAMIC_NO_PIC = NO;
				GCC_NO_COMMON_BLOCKS = YES;
				GCC_OPTIMIZATION_LEVEL = 0;
				GCC_PREPROCESSOR_DEFINITIONS = (
					"DEBUG=1",
					"$(inherited)",
				);
				GCC_WARN_64_TO_32_BIT_CONVERSION = YES;
				GCC_WARN_ABOUT_RETURN_TYPE = YES_ERROR;
				GCC_WARN_UNDECLARED_SELECTOR = YES;
				GCC_WARN_UNINITIALIZED_AUTOS = YES_AGGRESSIVE;
				GCC_WARN_UNUSED_FUNCTION = YES;
				GCC_WARN_UNUSED_VARIABLE = YES;
				IPHONEOS_DEPLOYMENT_TARGET = 13.1;
				MTL_ENABLE_DEBUG_INFO = INCLUDE_SOURCE;
				MTL_FAST_MATH = YES;
				ONLY_ACTIVE_ARCH = YES;
				SDKROOT = iphoneos;
				SWIFT_ACTIVE_COMPILATION_CONDITIONS = DEBUG;
				SWIFT_OPTIMIZATION_LEVEL = "-Onone";
			};
			name = Debug;
		};
		F8ED3169261981280065C76C /* Release */ = {
			isa = XCBuildConfiguration;
			buildSettings = {
				ALWAYS_SEARCH_USER_PATHS = NO;
				CLANG_ANALYZER_NONNULL = YES;
				CLANG_ANALYZER_NUMBER_OBJECT_CONVERSION = YES_AGGRESSIVE;
				CLANG_CXX_LANGUAGE_STANDARD = "gnu++14";
				CLANG_CXX_LIBRARY = "libc++";
				CLANG_ENABLE_MODULES = YES;
				CLANG_ENABLE_OBJC_ARC = YES;
				CLANG_ENABLE_OBJC_WEAK = YES;
				CLANG_WARN_BLOCK_CAPTURE_AUTORELEASING = YES;
				CLANG_WARN_BOOL_CONVERSION = YES;
				CLANG_WARN_COMMA = YES;
				CLANG_WARN_CONSTANT_CONVERSION = YES;
				CLANG_WARN_DEPRECATED_OBJC_IMPLEMENTATIONS = YES;
				CLANG_WARN_DIRECT_OBJC_ISA_USAGE = YES_ERROR;
				CLANG_WARN_DOCUMENTATION_COMMENTS = YES;
				CLANG_WARN_EMPTY_BODY = YES;
				CLANG_WARN_ENUM_CONVERSION = YES;
				CLANG_WARN_INFINITE_RECURSION = YES;
				CLANG_WARN_INT_CONVERSION = YES;
				CLANG_WARN_NON_LITERAL_NULL_CONVERSION = YES;
				CLANG_WARN_OBJC_IMPLICIT_RETAIN_SELF = YES;
				CLANG_WARN_OBJC_LITERAL_CONVERSION = YES;
				CLANG_WARN_OBJC_ROOT_CLASS = YES_ERROR;
				CLANG_WARN_RANGE_LOOP_ANALYSIS = YES;
				CLANG_WARN_STRICT_PROTOTYPES = YES;
				CLANG_WARN_SUSPICIOUS_MOVE = YES;
				CLANG_WARN_UNGUARDED_AVAILABILITY = YES_AGGRESSIVE;
				CLANG_WARN_UNREACHABLE_CODE = YES;
				CLANG_WARN__DUPLICATE_METHOD_MATCH = YES;
				COPY_PHASE_STRIP = NO;
				DEBUG_INFORMATION_FORMAT = "dwarf-with-dsym";
				ENABLE_NS_ASSERTIONS = NO;
				ENABLE_STRICT_OBJC_MSGSEND = YES;
				GCC_C_LANGUAGE_STANDARD = gnu11;
				GCC_NO_COMMON_BLOCKS = YES;
				GCC_WARN_64_TO_32_BIT_CONVERSION = YES;
				GCC_WARN_ABOUT_RETURN_TYPE = YES_ERROR;
				GCC_WARN_UNDECLARED_SELECTOR = YES;
				GCC_WARN_UNINITIALIZED_AUTOS = YES_AGGRESSIVE;
				GCC_WARN_UNUSED_FUNCTION = YES;
				GCC_WARN_UNUSED_VARIABLE = YES;
				IPHONEOS_DEPLOYMENT_TARGET = 13.1;
				MTL_ENABLE_DEBUG_INFO = NO;
				MTL_FAST_MATH = YES;
				SDKROOT = iphoneos;
				SWIFT_COMPILATION_MODE = wholemodule;
				SWIFT_OPTIMIZATION_LEVEL = "-O";
				VALIDATE_PRODUCT = YES;
			};
			name = Release;
		};
		F8ED316B261981280065C76C /* Debug */ = {
			isa = XCBuildConfiguration;
			buildSettings = {
				ASSETCATALOG_COMPILER_APPICON_NAME = AppIcon;
				CODE_SIGN_STYLE = Manual;
				DEVELOPMENT_TEAM = "";
				INFOPLIST_FILE = MusicSearchApp/Info.plist;
				IPHONEOS_DEPLOYMENT_TARGET = 9.0;
				LD_RUNPATH_SEARCH_PATHS = (
					"$(inherited)",
					"@executable_path/Frameworks",
				);
				PRODUCT_BUNDLE_IDENTIFIER = com.TzuYenHuang.MusicSearchApp;
				PRODUCT_NAME = "$(TARGET_NAME)";
				PROVISIONING_PROFILE_SPECIFIER = "";
				SWIFT_VERSION = 5.0;
				TARGETED_DEVICE_FAMILY = "1,2";
			};
			name = Debug;
		};
		F8ED316C261981280065C76C /* Release */ = {
			isa = XCBuildConfiguration;
			buildSettings = {
				ASSETCATALOG_COMPILER_APPICON_NAME = AppIcon;
				CODE_SIGN_STYLE = Manual;
				DEVELOPMENT_TEAM = "";
				INFOPLIST_FILE = MusicSearchApp/Info.plist;
				IPHONEOS_DEPLOYMENT_TARGET = 9.0;
				LD_RUNPATH_SEARCH_PATHS = (
					"$(inherited)",
					"@executable_path/Frameworks",
				);
				PRODUCT_BUNDLE_IDENTIFIER = com.TzuYenHuang.MusicSearchApp;
				PRODUCT_NAME = "$(TARGET_NAME)";
				PROVISIONING_PROFILE_SPECIFIER = "";
				SWIFT_VERSION = 5.0;
				TARGETED_DEVICE_FAMILY = "1,2";
			};
			name = Release;
		};
/* End XCBuildConfiguration section */

/* Begin XCConfigurationList section */
		F8ED31512619811C0065C76C /* Build configuration list for PBXProject "MusicSearchApp" */ = {
			isa = XCConfigurationList;
			buildConfigurations = (
				F8ED3168261981280065C76C /* Debug */,
				F8ED3169261981280065C76C /* Release */,
			);
			defaultConfigurationIsVisible = 0;
			defaultConfigurationName = Release;
		};
		F8ED316A261981280065C76C /* Build configuration list for PBXNativeTarget "MusicSearchApp" */ = {
			isa = XCConfigurationList;
			buildConfigurations = (
				F8ED316B261981280065C76C /* Debug */,
				F8ED316C261981280065C76C /* Release */,
			);
			defaultConfigurationIsVisible = 0;
			defaultConfigurationName = Release;
		};
/* End XCConfigurationList section */
	};
	rootObject = F8ED314E2619811C0065C76C /* Project object */;
}
